github.com/tinywasm/css v0.1.2 h1:uHo47WjORHJcwb0+kn9g9iHajR0TLuWK8ot6O+NR54k=
github.com/tinywasm/css v0.1.2/go.mod h1:8Vio+yx+M8T+cjMUszJeaU1jB+icFrenoa3iGML/G+o=
github.com/tinywasm/dom v0.11.2 h1:IbM/wUL/LIgkA1r53ybXg21nOVJwBiZRWOBwhhmEF5E=
github.com/tinywasm/dom v0.11.2/go.mod h1:tzhYHgoqEl1w6kBBYK0CTYmc1mqzFk1LmyYG0tm5dmY=
github.com/tinywasm/fmt v0.25.2 h1:Hy/qWmNb8kggb11TBJwbHexL5sxcOSCMmJ9BoOkgeB4=
github.com/tinywasm/fmt v0.25.2/go.mod h1:L2GCAi6asgytPV6TVvGrRq5Ml+DkUt1Ijo5i/2J1jOY=
github.com/tinywasm/html v0.0.5 h1:a6CwRepD2YUQ6FP5vuoaZxJRFG/A4iIFKb+yFBuYvh4=
github.com/tinywasm/html v0.0.5/go.mod h1:ffPNOzJZuIy/KTY3SQ/FOvFfSBi3z1C6ZyiS7RrtHyc=
