github.com/tinywasm/css v0.1.2 h1:uHo47WjORHJcwb0+kn9g9iHajR0TLuWK8ot6O+NR54k=
github.com/tinywasm/css v0.1.2/go.mod h1:8Vio+yx+M8T+cjMUszJeaU1jB+icFrenoa3iGML/G+o=
github.com/tinywasm/dom v0.10.1 h1:sqgLMTsX6BXHc+8uh+78C9pusn3j5/60msqBHmCPIR4=
github.com/tinywasm/dom v0.10.1/go.mod h1:5wey9MA4V9Ob6VX2JRkzTeBLVEX6w594zkcOzu26ac8=
github.com/tinywasm/fmt v0.23.10 h1:hBvPf6ogBR3zYTYjlnnogEzyzZvtjRGOqmYmL5ZRoCU=
github.com/tinywasm/fmt v0.23.10/go.mod h1:L2GCAi6asgytPV6TVvGrRq5Ml+DkUt1Ijo5i/2J1jOY=
