github.com/tinywasm/css v0.1.2 h1:uHo47WjORHJcwb0+kn9g9iHajR0TLuWK8ot6O+NR54k=
github.com/tinywasm/css v0.1.2/go.mod h1:8Vio+yx+M8T+cjMUszJeaU1jB+icFrenoa3iGML/G+o=
github.com/tinywasm/dom v0.11.2 h1:IbM/wUL/LIgkA1r53ybXg21nOVJwBiZRWOBwhhmEF5E=
github.com/tinywasm/dom v0.11.2/go.mod h1:tzhYHgoqEl1w6kBBYK0CTYmc1mqzFk1LmyYG0tm5dmY=
github.com/tinywasm/fmt v0.25.3 h1:CkyjeKvSFM8BxRWleb4gaPak8Fe+VKPWvnW0UU7KvQE=
github.com/tinywasm/fmt v0.25.3/go.mod h1:L2GCAi6asgytPV6TVvGrRq5Ml+DkUt1Ijo5i/2J1jOY=
github.com/tinywasm/json v0.5.11 h1:hG8RYmwtbxs4pC/i3EgQgsWe2C42LhUSA3i+YzPt818=
github.com/tinywasm/json v0.5.11/go.mod h1:6UeL7bWypYLIWsF12pOOwpYJci8YmW02+d85dShStL8=
github.com/tinywasm/model v0.0.12 h1:oKcZZ3VTzpffoAkeduz1QvQEY+cMQbLlhmzW3HvnEms=
github.com/tinywasm/model v0.0.12/go.mod h1:wkYZLW6CWVrlx5TiLEBL71KgDxhjUcFtY3KXZKpkCXA=
