github.com/tinywasm/css v0.3.0 h1:Ahidt6iIjt7zEVsficKeCLDh9A4/2jy3yahO01/L4Ys=
github.com/tinywasm/css v0.3.0/go.mod h1:yEE72kT1GaC67CDvMaqQ62Vq6xNIOjdYAGcxp+qo1pk=
github.com/tinywasm/dom v0.13.3 h1:J94RG8rhw+JoQxgzxsKVEUHm499BBWnIZ/0IBfvSGQU=
github.com/tinywasm/dom v0.13.3/go.mod h1:lc8B0WkIOTWmCLCBTtr2g1Om4igOQnGve/xvIZWOrdI=
github.com/tinywasm/fmt v0.25.5 h1:2nBU5H1lszhkGIusm7m4S+rGM2rPiIJkhvQqwqN17qo=
github.com/tinywasm/fmt v0.25.5/go.mod h1:2Y4hlsQxqVsZ5z9vQL5XQbEzLQtQOr1Bhp44nPGfydA=
github.com/tinywasm/html v0.0.6 h1:8W/jXGKAhn5vPVx8y2HKAUIr1v2A1ofVkE47CJPkeu0=
github.com/tinywasm/html v0.0.6/go.mod h1:Bc++Sre7mPqhAzLcG1VlNAA6qmE/OCf22oywnq5tn7I=
